
Microsoft Visual Studio Solution File, Format Version 12.00
# Visual Studio Version 16
VisualStudioVersion = 16.0.30907.101
MinimumVisualStudioVersion = 10.0.40219.1
Project("{FAE04EC0-301F-11D3-BF4B-00C04F79EFBC}") = "WebApplication31", "WebApplication31.csproj", "{3FA7A940-D2F6-4740-89E8-ED31C14A7AC1}"
EndProject
Global
	GlobalSection(SolutionConfigurationPlatforms) = preSolution
		Debug|Any CPU = Debug|Any CPU
		Release|Any CPU = Release|Any CPU
	EndGlobalSection
	GlobalSection(ProjectConfigurationPlatforms) = postSolution
		{3FA7A940-D2F6-4740-89E8-ED31C14A7AC1}.Debug|Any CPU.ActiveCfg = Debug|Any CPU
		{3FA7A940-D2F6-4740-89E8-ED31C14A7AC1}.Debug|Any CPU.Build.0 = Debug|Any CPU
		{3FA7A940-D2F6-4740-89E8-ED31C14A7AC1}.Release|Any CPU.ActiveCfg = Release|Any CPU
		{3FA7A940-D2F6-4740-89E8-ED31C14A7AC1}.Release|Any CPU.Build.0 = Release|Any CPU
	EndGlobalSection
	GlobalSection(SolutionProperties) = preSolution
		HideSolutionNode = FALSE
	EndGlobalSection
	GlobalSection(ExtensibilityGlobals) = postSolution
		SolutionGuid = {9FFC3371-6C0E-43EC-A7BB-91428E1A70FD}
	EndGlobalSection
EndGlobal
